
Microsoft Visual Studio Solution File, Format Version 12.00
# Visual Studio 15
VisualStudioVersion = 15.0.27130.2027
MinimumVisualStudioVersion = 10.0.40219.1
Project("{FAE04EC0-301F-11D3-BF4B-00C04F79EFBC}") = "TCNet", "TCNet\TCNet.csproj", "{B54D4DBC-21AE-4574-892F-2D3609C7972F}"
EndProject
Project("{FAE04EC0-301F-11D3-BF4B-00C04F79EFBC}") = "TCNet.Tests", "TCNet.Tests\TCNet.Tests.csproj", "{88F8924C-151C-4A56-9451-A822DBC7DA63}"
EndProject
Global
	GlobalSection(SolutionConfigurationPlatforms) = preSolution
		Debug|Any CPU = Debug|Any CPU
		Release|Any CPU = Release|Any CPU
	EndGlobalSection
	GlobalSection(ProjectConfigurationPlatforms) = postSolution
		{B54D4DBC-21AE-4574-892F-2D3609C7972F}.Debug|Any CPU.ActiveCfg = Debug|Any CPU
		{B54D4DBC-21AE-4574-892F-2D3609C7972F}.Debug|Any CPU.Build.0 = Debug|Any CPU
		{B54D4DBC-21AE-4574-892F-2D3609C7972F}.Release|Any CPU.ActiveCfg = Release|Any CPU
		{B54D4DBC-21AE-4574-892F-2D3609C7972F}.Release|Any CPU.Build.0 = Release|Any CPU
		{88F8924C-151C-4A56-9451-A822DBC7DA63}.Debug|Any CPU.ActiveCfg = Debug|Any CPU
		{88F8924C-151C-4A56-9451-A822DBC7DA63}.Debug|Any CPU.Build.0 = Debug|Any CPU
		{88F8924C-151C-4A56-9451-A822DBC7DA63}.Release|Any CPU.ActiveCfg = Release|Any CPU
		{88F8924C-151C-4A56-9451-A822DBC7DA63}.Release|Any CPU.Build.0 = Release|Any CPU
	EndGlobalSection
	GlobalSection(SolutionProperties) = preSolution
		HideSolutionNode = FALSE
	EndGlobalSection
	GlobalSection(ExtensibilityGlobals) = postSolution
		SolutionGuid = {83E68CE8-B9E4-4F4E-A4C2-9671587861BB}
	EndGlobalSection
EndGlobal
